
Microsoft Visual Studio Solution File, Format Version 12.00
# Visual Studio Version 17
VisualStudioVersion = 17.5.33502.453
MinimumVisualStudioVersion = 10.0.40219.1
Project("{FAE04EC0-301F-11D3-BF4B-00C04F79EFBC}") = "LRCediter", "LRCediter.csproj", "{F8692694-D182-4F24-A251-2B2FD4C34A1D}"
EndProject
Global
	GlobalSection(SolutionConfigurationPlatforms) = preSolution
		Debug|Any CPU = Debug|Any CPU
		Release|Any CPU = Release|Any CPU
	EndGlobalSection
	GlobalSection(ProjectConfigurationPlatforms) = postSolution
		{F8692694-D182-4F24-A251-2B2FD4C34A1D}.Debug|Any CPU.ActiveCfg = Debug|Any CPU
		{F8692694-D182-4F24-A251-2B2FD4C34A1D}.Debug|Any CPU.Build.0 = Debug|Any CPU
		{F8692694-D182-4F24-A251-2B2FD4C34A1D}.Release|Any CPU.ActiveCfg = Release|Any CPU
		{F8692694-D182-4F24-A251-2B2FD4C34A1D}.Release|Any CPU.Build.0 = Release|Any CPU
	EndGlobalSection
	GlobalSection(SolutionProperties) = preSolution
		HideSolutionNode = FALSE
	EndGlobalSection
	GlobalSection(ExtensibilityGlobals) = postSolution
		SolutionGuid = {F0E51335-9CEF-427F-A0C7-F01F1D0FEB5E}
	EndGlobalSection
EndGlobal
