
Microsoft Visual Studio Solution File, Format Version 12.00
# Visual Studio Version 17
VisualStudioVersion = 17.6.33815.320
MinimumVisualStudioVersion = 10.0.40219.1
Project("{FAE04EC0-301F-11D3-BF4B-00C04F79EFBC}") = "Lyrics-Formatter", "Lyrics-Formatter.csproj", "{E1C90667-6EBD-4DC8-AD9C-D21F8863388D}"
EndProject
Global
	GlobalSection(SolutionConfigurationPlatforms) = preSolution
		Debug|Any CPU = Debug|Any CPU
		Release|Any CPU = Release|Any CPU
	EndGlobalSection
	GlobalSection(ProjectConfigurationPlatforms) = postSolution
		{E1C90667-6EBD-4DC8-AD9C-D21F8863388D}.Debug|Any CPU.ActiveCfg = Debug|Any CPU
		{E1C90667-6EBD-4DC8-AD9C-D21F8863388D}.Debug|Any CPU.Build.0 = Debug|Any CPU
		{E1C90667-6EBD-4DC8-AD9C-D21F8863388D}.Release|Any CPU.ActiveCfg = Release|Any CPU
		{E1C90667-6EBD-4DC8-AD9C-D21F8863388D}.Release|Any CPU.Build.0 = Release|Any CPU
	EndGlobalSection
	GlobalSection(SolutionProperties) = preSolution
		HideSolutionNode = FALSE
	EndGlobalSection
	GlobalSection(ExtensibilityGlobals) = postSolution
		SolutionGuid = {36F4BE06-73F2-4260-9CF5-28F22CEDBE43}
	EndGlobalSection
EndGlobal
